// !$*UTF8*$!
{
	archiveVersion = 1;
	classes = {
	};
	objectVersion = 77;
	objects = {

/* Begin PBXBuildFile section */
		8FA82A682FDABA7500DF3407 /* libopencv_ios_minimal.a in Frameworks */ = {isa = PBXBuildFile; fileRef = 8FA82A672FDABA7500DF3407 /* libopencv_ios_minimal.a */; };
		8FA82A6A2FDABB2200DF3407 /* Accelerate.framework in Frameworks */ = {isa = PBXBuildFile; fileRef = 8FA82A692FDABB2200DF3407 /* Accelerate.framework */; };
		8FA82A6C2FDABB2E00DF3407 /* AVFoundation.framework in Frameworks */ = {isa = PBXBuildFile; fileRef = 8FA82A6B2FDABB2E00DF3407 /* AVFoundation.framework */; };
		8FA82A6E2FDABB3A00DF3407 /* CoreGraphics.framework in Frameworks */ = {isa = PBXBuildFile; fileRef = 8FA82A6D2FDABB3A00DF3407 /* CoreGraphics.framework */; };
		8FA82A702FDABB4300DF3407 /* CoreImage.framework in Frameworks */ = {isa = PBXBuildFile; fileRef = 8FA82A6F2FDABB4300DF3407 /* CoreImage.framework */; };
		8FA82A722FDABB4D00DF3407 /* CoreMedia.framework in Frameworks */ = {isa = PBXBuildFile; fileRef = 8FA82A712FDABB4D00DF3407 /* CoreMedia.framework */; };
		8FA82A742FDABB5700DF3407 /* CoreVideo.framework in Frameworks */ = {isa = PBXBuildFile; fileRef = 8FA82A732FDABB5700DF3407 /* CoreVideo.framework */; };
		8FA82A762FDABB6000DF3407 /* QuartzCore.framework in Frameworks */ = {isa = PBXBuildFile; fileRef = 8FA82A752FDABB6000DF3407 /* QuartzCore.framework */; };
		8FA82A782FDABB6500DF3407 /* UIKit.framework in Frameworks */ = {isa = PBXBuildFile; fileRef = 8FA82A772FDABB6500DF3407 /* UIKit.framework */; };
		8FA82A7A2FDABB6D00DF3407 /* ImageIO.framework in Frameworks */ = {isa = PBXBuildFile; fileRef = 8FA82A792FDABB6D00DF3407 /* ImageIO.framework */; };
		8FA82A7C2FDCC10000DF3407 /* POC_CVDependencies in Frameworks */ = {isa = PBXBuildFile; productRef = 8FA82A7B2FDCC10000DF3407 /* POC_CVDependencies */; };
		8FA82CB92FDBC3EA00DF3407 /* POC_CVDependencies in Frameworks */ = {isa = PBXBuildFile; productRef = 8FA82CB82FDBC3EA00DF3407 /* POC_CVDependencies */; };
/* End PBXBuildFile section */

/* Begin PBXFileReference section */
		8F9E973E2FDA6C2A00D25299 /* POC_CV.app */ = {isa = PBXFileReference; explicitFileType = wrapper.application; includeInIndex = 0; path = POC_CV.app; sourceTree = BUILT_PRODUCTS_DIR; };
		8FA82A672FDABA7500DF3407 /* libopencv_ios_minimal.a */ = {isa = PBXFileReference; lastKnownFileType = archive.ar; name = libopencv_ios_minimal.a; path = Vendor/OpenCV/lib/libopencv_ios_minimal.a; sourceTree = SOURCE_ROOT; };
		8FA82A692FDABB2200DF3407 /* Accelerate.framework */ = {isa = PBXFileReference; lastKnownFileType = wrapper.framework; name = Accelerate.framework; path = System/Library/Frameworks/Accelerate.framework; sourceTree = SDKROOT; };
		8FA82A6B2FDABB2E00DF3407 /* AVFoundation.framework */ = {isa = PBXFileReference; lastKnownFileType = wrapper.framework; name = AVFoundation.framework; path = System/Library/Frameworks/AVFoundation.framework; sourceTree = SDKROOT; };
		8FA82A6D2FDABB3A00DF3407 /* CoreGraphics.framework */ = {isa = PBXFileReference; lastKnownFileType = wrapper.framework; name = CoreGraphics.framework; path = System/Library/Frameworks/CoreGraphics.framework; sourceTree = SDKROOT; };
		8FA82A6F2FDABB4300DF3407 /* CoreImage.framework */ = {isa = PBXFileReference; lastKnownFileType = wrapper.framework; name = CoreImage.framework; path = System/Library/Frameworks/CoreImage.framework; sourceTree = SDKROOT; };
		8FA82A712FDABB4D00DF3407 /* CoreMedia.framework */ = {isa = PBXFileReference; lastKnownFileType = wrapper.framework; name = CoreMedia.framework; path = System/Library/Frameworks/CoreMedia.framework; sourceTree = SDKROOT; };
		8FA82A732FDABB5700DF3407 /* CoreVideo.framework */ = {isa = PBXFileReference; lastKnownFileType = wrapper.framework; name = CoreVideo.framework; path = System/Library/Frameworks/CoreVideo.framework; sourceTree = SDKROOT; };
		8FA82A752FDABB6000DF3407 /* QuartzCore.framework */ = {isa = PBXFileReference; lastKnownFileType = wrapper.framework; name = QuartzCore.framework; path = System/Library/Frameworks/QuartzCore.framework; sourceTree = SDKROOT; };
		8FA82A772FDABB6500DF3407 /* UIKit.framework */ = {isa = PBXFileReference; lastKnownFileType = wrapper.framework; name = UIKit.framework; path = System/Library/Frameworks/UIKit.framework; sourceTree = SDKROOT; };
		8FA82A792FDABB6D00DF3407 /* ImageIO.framework */ = {isa = PBXFileReference; lastKnownFileType = wrapper.framework; name = ImageIO.framework; path = System/Library/Frameworks/ImageIO.framework; sourceTree = SDKROOT; };
/* End PBXFileReference section */

/* Begin PBXFileSystemSynchronizedBuildFileExceptionSet section */
		8F9E97502FDA6C2C00D25299 /* Exceptions for "POC_CV" folder in "POC_CV" target */ = {
			isa = PBXFileSystemSynchronizedBuildFileExceptionSet;
			membershipExceptions = (
				Info.plist,
			);
			target = 8F9E973D2FDA6C2A00D25299 /* POC_CV */;
		};
/* End PBXFileSystemSynchronizedBuildFileExceptionSet section */

/* Begin PBXFileSystemSynchronizedRootGroup section */
		8F9E97402FDA6C2A00D25299 /* POC_CV */ = {
			isa = PBXFileSystemSynchronizedRootGroup;
			exceptions = (
				8F9E97502FDA6C2C00D25299 /* Exceptions for "POC_CV" folder in "POC_CV" target */,
			);
			path = POC_CV;
			sourceTree = "<group>";
		};
/* End PBXFileSystemSynchronizedRootGroup section */

/* Begin PBXFrameworksBuildPhase section */
		8F9E973B2FDA6C2A00D25299 /* Frameworks */ = {
			isa = PBXFrameworksBuildPhase;
			buildActionMask = 2147483647;
			files = (
				8FA82A7C2FDCC10000DF3407 /* POC_CVDependencies in Frameworks */,
				8FA82A7A2FDABB6D00DF3407 /* ImageIO.framework in Frameworks */,
				8FA82A782FDABB6500DF3407 /* UIKit.framework in Frameworks */,
				8FA82A762FDABB6000DF3407 /* QuartzCore.framework in Frameworks */,
				8FA82A742FDABB5700DF3407 /* CoreVideo.framework in Frameworks */,
				8FA82A722FDABB4D00DF3407 /* CoreMedia.framework in Frameworks */,
				8FA82A702FDABB4300DF3407 /* CoreImage.framework in Frameworks */,
				8FA82A6E2FDABB3A00DF3407 /* CoreGraphics.framework in Frameworks */,
				8FA82A6C2FDABB2E00DF3407 /* AVFoundation.framework in Frameworks */,
				8FA82A6A2FDABB2200DF3407 /* Accelerate.framework in Frameworks */,
				8FA82A682FDABA7500DF3407 /* libopencv_ios_minimal.a in Frameworks */,
				8FA82CB92FDBC3EA00DF3407 /* POC_CVDependencies in Frameworks */,
			);
			runOnlyForDeploymentPostprocessing = 0;
		};
/* End PBXFrameworksBuildPhase section */

/* Begin PBXGroup section */
		8F9E97352FDA6C2A00D25299 = {
			isa = PBXGroup;
			children = (
				8F9E97402FDA6C2A00D25299 /* POC_CV */,
				8FA82A662FDABA7500DF3407 /* Frameworks */,
				8F9E973F2FDA6C2A00D25299 /* Products */,
			);
			sourceTree = "<group>";
		};
		8F9E973F2FDA6C2A00D25299 /* Products */ = {
			isa = PBXGroup;
			children = (
				8F9E973E2FDA6C2A00D25299 /* POC_CV.app */,
			);
			name = Products;
			sourceTree = "<group>";
		};
		8FA82A662FDABA7500DF3407 /* Frameworks */ = {
			isa = PBXGroup;
			children = (
				8FA82A792FDABB6D00DF3407 /* ImageIO.framework */,
				8FA82A772FDABB6500DF3407 /* UIKit.framework */,
				8FA82A752FDABB6000DF3407 /* QuartzCore.framework */,
				8FA82A732FDABB5700DF3407 /* CoreVideo.framework */,
				8FA82A712FDABB4D00DF3407 /* CoreMedia.framework */,
				8FA82A6F2FDABB4300DF3407 /* CoreImage.framework */,
				8FA82A6D2FDABB3A00DF3407 /* CoreGraphics.framework */,
				8FA82A6B2FDABB2E00DF3407 /* AVFoundation.framework */,
				8FA82A692FDABB2200DF3407 /* Accelerate.framework */,
				8FA82A672FDABA7500DF3407 /* libopencv_ios_minimal.a */,
			);
			name = Frameworks;
			sourceTree = "<group>";
		};
/* End PBXGroup section */

/* Begin PBXNativeTarget section */
		8F9E973D2FDA6C2A00D25299 /* POC_CV */ = {
			isa = PBXNativeTarget;
			buildConfigurationList = 8F9E97512FDA6C2C00D25299 /* Build configuration list for PBXNativeTarget "POC_CV" */;
			buildPhases = (
				8F9E973A2FDA6C2A00D25299 /* Sources */,
				8F9E973B2FDA6C2A00D25299 /* Frameworks */,
				8F9E973C2FDA6C2A00D25299 /* Resources */,
			);
			buildRules = (
			);
			dependencies = (
			);
			fileSystemSynchronizedGroups = (
				8F9E97402FDA6C2A00D25299 /* POC_CV */,
			);
			name = POC_CV;
			packageProductDependencies = (
				8FA82A7B2FDCC10000DF3407 /* POC_CVDependencies */,
				8FA82CB82FDBC3EA00DF3407 /* POC_CVDependencies */,
			);
			productName = POC_CV;
			productReference = 8F9E973E2FDA6C2A00D25299 /* POC_CV.app */;
			productType = "com.apple.product-type.application";
		};
/* End PBXNativeTarget section */

/* Begin PBXProject section */
		8F9E97362FDA6C2A00D25299 /* Project object */ = {
			isa = PBXProject;
			attributes = {
				BuildIndependentTargetsInParallel = 1;
				LastSwiftUpdateCheck = 2620;
				LastUpgradeCheck = 2620;
				TargetAttributes = {
					8F9E973D2FDA6C2A00D25299 = {
						CreatedOnToolsVersion = 26.2;
					};
				};
			};
			buildConfigurationList = 8F9E97392FDA6C2A00D25299 /* Build configuration list for PBXProject "POC_CV" */;
			developmentRegion = en;
			hasScannedForEncodings = 0;
			knownRegions = (
				en,
				Base,
			);
			mainGroup = 8F9E97352FDA6C2A00D25299;
			minimizedProjectReferenceProxies = 1;
			packageReferences = (
				8FA82CB72FDBC3EA00DF3407 /* XCLocalSwiftPackageReference "Dependencies" */,
			);
			preferredProjectObjectVersion = 77;
			productRefGroup = 8F9E973F2FDA6C2A00D25299 /* Products */;
			projectDirPath = "";
			projectRoot = "";
			targets = (
				8F9E973D2FDA6C2A00D25299 /* POC_CV */,
			);
		};
/* End PBXProject section */

/* Begin PBXResourcesBuildPhase section */
		8F9E973C2FDA6C2A00D25299 /* Resources */ = {
			isa = PBXResourcesBuildPhase;
			buildActionMask = 2147483647;
			files = (
			);
			runOnlyForDeploymentPostprocessing = 0;
		};
/* End PBXResourcesBuildPhase section */

/* Begin PBXSourcesBuildPhase section */
		8F9E973A2FDA6C2A00D25299 /* Sources */ = {
			isa = PBXSourcesBuildPhase;
			buildActionMask = 2147483647;
			files = (
			);
			runOnlyForDeploymentPostprocessing = 0;
		};
/* End PBXSourcesBuildPhase section */

/* Begin XCBuildConfiguration section */
		8F9E97522FDA6C2C00D25299 /* Debug */ = {
			isa = XCBuildConfiguration;
			buildSettings = {
				ASSETCATALOG_COMPILER_APPICON_NAME = AppIcon;
				ASSETCATALOG_COMPILER_GLOBAL_ACCENT_COLOR_NAME = AccentColor;
				CODE_SIGN_IDENTITY = "Apple Development";
				CODE_SIGN_STYLE = Automatic;
				CURRENT_PROJECT_VERSION = 1;
				DEVELOPMENT_TEAM = ZQ24627M6Z;
				GENERATE_INFOPLIST_FILE = YES;
				INFOPLIST_FILE = POC_CV/Info.plist;
				INFOPLIST_KEY_UIApplicationSupportsIndirectInputEvents = YES;
				INFOPLIST_KEY_UILaunchStoryboardName = LaunchScreen;
				INFOPLIST_KEY_UISupportedInterfaceOrientations_iPad = "UIInterfaceOrientationPortrait UIInterfaceOrientationPortraitUpsideDown UIInterfaceOrientationLandscapeLeft UIInterfaceOrientationLandscapeRight";
				INFOPLIST_KEY_UISupportedInterfaceOrientations_iPhone = "UIInterfaceOrientationPortrait UIInterfaceOrientationLandscapeLeft UIInterfaceOrientationLandscapeRight";
				IPHONEOS_DEPLOYMENT_TARGET = 15.6;
				LD_RUNPATH_SEARCH_PATHS = (
					"$(inherited)",
					"@executable_path/Frameworks",
				);
				MARKETING_VERSION = 1.0;
				PRODUCT_BUNDLE_IDENTIFIER = com.one.oned.tcbsaleapp.qc;
				PRODUCT_NAME = "$(TARGET_NAME)";
				PROVISIONING_PROFILE_SPECIFIER = "";
				STRING_CATALOG_GENERATE_SYMBOLS = YES;
				SWIFT_APPROACHABLE_CONCURRENCY = YES;
				SWIFT_DEFAULT_ACTOR_ISOLATION = MainActor;
				SWIFT_EMIT_LOC_STRINGS = YES;
				SWIFT_UPCOMING_FEATURE_MEMBER_IMPORT_VISIBILITY = YES;
				SWIFT_VERSION = 5.0;
				TARGETED_DEVICE_FAMILY = "1,2";
			};
			name = Debug;
		};
		8F9E97532FDA6C2C00D25299 /* Release */ = {
			isa = XCBuildConfiguration;
			buildSettings = {
				ASSETCATALOG_COMPILER_APPICON_NAME = AppIcon;
				ASSETCATALOG_COMPILER_GLOBAL_ACCENT_COLOR_NAME = AccentColor;
				CODE_SIGN_IDENTITY = "Apple Development";
				CODE_SIGN_STYLE = Automatic;
				CURRENT_PROJECT_VERSION = 1;
				DEVELOPMENT_TEAM = ZQ24627M6Z;
				GENERATE_INFOPLIST_FILE = YES;
				INFOPLIST_FILE = POC_CV/Info.plist;
				INFOPLIST_KEY_UIApplicationSupportsIndirectInputEvents = YES;
				INFOPLIST_KEY_UILaunchStoryboardName = LaunchScreen;
				INFOPLIST_KEY_UISupportedInterfaceOrientations_iPad = "UIInterfaceOrientationPortrait UIInterfaceOrientationPortraitUpsideDown UIInterfaceOrientationLandscapeLeft UIInterfaceOrientationLandscapeRight";
				INFOPLIST_KEY_UISupportedInterfaceOrientations_iPhone = "UIInterfaceOrientationPortrait UIInterfaceOrientationLandscapeLeft UIInterfaceOrientationLandscapeRight";
				IPHONEOS_DEPLOYMENT_TARGET = 15.6;
				LD_RUNPATH_SEARCH_PATHS = (
					"$(inherited)",
					"@executable_path/Frameworks",
				);
				MARKETING_VERSION = 1.0;
				PRODUCT_BUNDLE_IDENTIFIER = com.one.oned.tcbsaleapp.qc;
				PRODUCT_NAME = "$(TARGET_NAME)";
				PROVISIONING_PROFILE_SPECIFIER = "";
				STRING_CATALOG_GENERATE_SYMBOLS = YES;
				SWIFT_APPROACHABLE_CONCURRENCY = YES;
				SWIFT_DEFAULT_ACTOR_ISOLATION = MainActor;
				SWIFT_EMIT_LOC_STRINGS = YES;
				SWIFT_UPCOMING_FEATURE_MEMBER_IMPORT_VISIBILITY = YES;
				SWIFT_VERSION = 5.0;
				TARGETED_DEVICE_FAMILY = "1,2";
			};
			name = Release;
		};
		8F9E97542FDA6C2C00D25299 /* Debug */ = {
			isa = XCBuildConfiguration;
			buildSettings = {
				ALWAYS_SEARCH_USER_PATHS = NO;
				ASSETCATALOG_COMPILER_GENERATE_SWIFT_ASSET_SYMBOL_EXTENSIONS = YES;
				CLANG_ANALYZER_NONNULL = YES;
				CLANG_ANALYZER_NUMBER_OBJECT_CONVERSION = YES_AGGRESSIVE;
				CLANG_CXX_LANGUAGE_STANDARD = "gnu++20";
				CLANG_ENABLE_MODULES = YES;
				CLANG_ENABLE_OBJC_ARC = YES;
				CLANG_ENABLE_OBJC_WEAK = YES;
				CLANG_WARN_BLOCK_CAPTURE_AUTORELEASING = YES;
				CLANG_WARN_BOOL_CONVERSION = YES;
				CLANG_WARN_COMMA = YES;
				CLANG_WARN_CONSTANT_CONVERSION = YES;
				CLANG_WARN_DEPRECATED_OBJC_IMPLEMENTATIONS = YES;
				CLANG_WARN_DIRECT_OBJC_ISA_USAGE = YES_ERROR;
				CLANG_WARN_DOCUMENTATION_COMMENTS = YES;
				CLANG_WARN_EMPTY_BODY = YES;
				CLANG_WARN_ENUM_CONVERSION = YES;
				CLANG_WARN_INFINITE_RECURSION = YES;
				CLANG_WARN_INT_CONVERSION = YES;
				CLANG_WARN_NON_LITERAL_NULL_CONVERSION = YES;
				CLANG_WARN_OBJC_IMPLICIT_RETAIN_SELF = YES;
				CLANG_WARN_OBJC_LITERAL_CONVERSION = YES;
				CLANG_WARN_OBJC_ROOT_CLASS = YES_ERROR;
				CLANG_WARN_QUOTED_INCLUDE_IN_FRAMEWORK_HEADER = YES;
				CLANG_WARN_RANGE_LOOP_ANALYSIS = YES;
				CLANG_WARN_STRICT_PROTOTYPES = YES;
				CLANG_WARN_SUSPICIOUS_MOVE = YES;
				CLANG_WARN_UNGUARDED_AVAILABILITY = YES_AGGRESSIVE;
				CLANG_WARN_UNREACHABLE_CODE = YES;
				CLANG_WARN__DUPLICATE_METHOD_MATCH = YES;
				COPY_PHASE_STRIP = NO;
				DEBUG_INFORMATION_FORMAT = dwarf;
				DEVELOPMENT_TEAM = V5TR223894;
				ENABLE_STRICT_OBJC_MSGSEND = YES;
				ENABLE_TESTABILITY = YES;
				ENABLE_USER_SCRIPT_SANDBOXING = YES;
				GCC_C_LANGUAGE_STANDARD = gnu17;
				GCC_DYNAMIC_NO_PIC = NO;
				GCC_NO_COMMON_BLOCKS = YES;
				GCC_OPTIMIZATION_LEVEL = 0;
				GCC_PREPROCESSOR_DEFINITIONS = (
					"DEBUG=1",
					"$(inherited)",
				);
				GCC_WARN_64_TO_32_BIT_CONVERSION = YES;
				GCC_WARN_ABOUT_RETURN_TYPE = YES_ERROR;
				GCC_WARN_UNDECLARED_SELECTOR = YES;
				GCC_WARN_UNINITIALIZED_AUTOS = YES_AGGRESSIVE;
				GCC_WARN_UNUSED_FUNCTION = YES;
				GCC_WARN_UNUSED_VARIABLE = YES;
				HEADER_SEARCH_PATHS = "$(SRCROOT)/Vendor/OpenCV/include/**";
				IPHONEOS_DEPLOYMENT_TARGET = 26.2;
				LIBRARY_SEARCH_PATHS = (
					"$(inherited)",
					"$(SRCROOT)/Vendor/OpenCV/lib",
				);
				LOCALIZATION_PREFERS_STRING_CATALOGS = YES;
				MTL_ENABLE_DEBUG_INFO = INCLUDE_SOURCE;
				MTL_FAST_MATH = YES;
				ONLY_ACTIVE_ARCH = YES;
				SDKROOT = iphoneos;
				SWIFT_ACTIVE_COMPILATION_CONDITIONS = "DEBUG $(inherited)";
				SWIFT_OPTIMIZATION_LEVEL = "-Onone";
			};
			name = Debug;
		};
		8F9E97552FDA6C2C00D25299 /* Release */ = {
			isa = XCBuildConfiguration;
			buildSettings = {
				ALWAYS_SEARCH_USER_PATHS = NO;
				ASSETCATALOG_COMPILER_GENERATE_SWIFT_ASSET_SYMBOL_EXTENSIONS = YES;
				CLANG_ANALYZER_NONNULL = YES;
				CLANG_ANALYZER_NUMBER_OBJECT_CONVERSION = YES_AGGRESSIVE;
				CLANG_CXX_LANGUAGE_STANDARD = "gnu++20";
				CLANG_ENABLE_MODULES = YES;
				CLANG_ENABLE_OBJC_ARC = YES;
				CLANG_ENABLE_OBJC_WEAK = YES;
				CLANG_WARN_BLOCK_CAPTURE_AUTORELEASING = YES;
				CLANG_WARN_BOOL_CONVERSION = YES;
				CLANG_WARN_COMMA = YES;
				CLANG_WARN_CONSTANT_CONVERSION = YES;
				CLANG_WARN_DEPRECATED_OBJC_IMPLEMENTATIONS = YES;
				CLANG_WARN_DIRECT_OBJC_ISA_USAGE = YES_ERROR;
				CLANG_WARN_DOCUMENTATION_COMMENTS = YES;
				CLANG_WARN_EMPTY_BODY = YES;
				CLANG_WARN_ENUM_CONVERSION = YES;
				CLANG_WARN_INFINITE_RECURSION = YES;
				CLANG_WARN_INT_CONVERSION = YES;
				CLANG_WARN_NON_LITERAL_NULL_CONVERSION = YES;
				CLANG_WARN_OBJC_IMPLICIT_RETAIN_SELF = YES;
				CLANG_WARN_OBJC_LITERAL_CONVERSION = YES;
				CLANG_WARN_OBJC_ROOT_CLASS = YES_ERROR;
				CLANG_WARN_QUOTED_INCLUDE_IN_FRAMEWORK_HEADER = YES;
				CLANG_WARN_RANGE_LOOP_ANALYSIS = YES;
				CLANG_WARN_STRICT_PROTOTYPES = YES;
				CLANG_WARN_SUSPICIOUS_MOVE = YES;
				CLANG_WARN_UNGUARDED_AVAILABILITY = YES_AGGRESSIVE;
				CLANG_WARN_UNREACHABLE_CODE = YES;
				CLANG_WARN__DUPLICATE_METHOD_MATCH = YES;
				COPY_PHASE_STRIP = NO;
				DEBUG_INFORMATION_FORMAT = "dwarf-with-dsym";
				DEVELOPMENT_TEAM = V5TR223894;
				ENABLE_NS_ASSERTIONS = NO;
				ENABLE_STRICT_OBJC_MSGSEND = YES;
				ENABLE_USER_SCRIPT_SANDBOXING = YES;
				GCC_C_LANGUAGE_STANDARD = gnu17;
				GCC_NO_COMMON_BLOCKS = YES;
				GCC_WARN_64_TO_32_BIT_CONVERSION = YES;
				GCC_WARN_ABOUT_RETURN_TYPE = YES_ERROR;
				GCC_WARN_UNDECLARED_SELECTOR = YES;
				GCC_WARN_UNINITIALIZED_AUTOS = YES_AGGRESSIVE;
				GCC_WARN_UNUSED_FUNCTION = YES;
				GCC_WARN_UNUSED_VARIABLE = YES;
				HEADER_SEARCH_PATHS = "$(SRCROOT)/Vendor/OpenCV/include/**";
				IPHONEOS_DEPLOYMENT_TARGET = 26.2;
				LIBRARY_SEARCH_PATHS = (
					"$(inherited)",
					"$(SRCROOT)/Vendor/OpenCV/lib",
				);
				LOCALIZATION_PREFERS_STRING_CATALOGS = YES;
				MTL_ENABLE_DEBUG_INFO = NO;
				MTL_FAST_MATH = YES;
				SDKROOT = iphoneos;
				SWIFT_COMPILATION_MODE = wholemodule;
				VALIDATE_PRODUCT = YES;
			};
			name = Release;
		};
/* End XCBuildConfiguration section */

/* Begin XCConfigurationList section */
		8F9E97392FDA6C2A00D25299 /* Build configuration list for PBXProject "POC_CV" */ = {
			isa = XCConfigurationList;
			buildConfigurations = (
				8F9E97542FDA6C2C00D25299 /* Debug */,
				8F9E97552FDA6C2C00D25299 /* Release */,
			);
			defaultConfigurationIsVisible = 0;
			defaultConfigurationName = Release;
		};
		8F9E97512FDA6C2C00D25299 /* Build configuration list for PBXNativeTarget "POC_CV" */ = {
			isa = XCConfigurationList;
			buildConfigurations = (
				8F9E97522FDA6C2C00D25299 /* Debug */,
				8F9E97532FDA6C2C00D25299 /* Release */,
			);
			defaultConfigurationIsVisible = 0;
			defaultConfigurationName = Release;
		};
/* End XCConfigurationList section */

/* Begin XCLocalSwiftPackageReference section */
		8FA82CB72FDBC3EA00DF3407 /* XCLocalSwiftPackageReference "Dependencies" */ = {
			isa = XCLocalSwiftPackageReference;
			relativePath = Dependencies;
		};
/* End XCLocalSwiftPackageReference section */

/* Begin XCSwiftPackageProductDependency section */
		8FA82A7B2FDCC10000DF3407 /* POC_CVDependencies */ = {
			isa = XCSwiftPackageProductDependency;
			productName = POC_CVDependencies;
		};
		8FA82CB82FDBC3EA00DF3407 /* POC_CVDependencies */ = {
			isa = XCSwiftPackageProductDependency;
			productName = POC_CVDependencies;
		};
/* End XCSwiftPackageProductDependency section */
	};
	rootObject = 8F9E97362FDA6C2A00D25299 /* Project object */;
}
